
Microsoft Visual Studio Solution File, Format Version 12.00
# Visual Studio Version 17
VisualStudioVersion = 17.5.002.0
MinimumVisualStudioVersion = 10.0.40219.1
Project("{9A19103F-16F7-4668-BE54-9A1E7A4F7556}") = "Codecool.PlayingCards", "Codecool.PlayingCards.csproj", "{78ACA9FB-A443-4E7F-9403-1AA1925D208E}"
EndProject
Project("{FAE04EC0-301F-11D3-BF4B-00C04F79EFBC}") = "PlayingCardsTest", "PlayingCardsTest\PlayingCardsTest.csproj", "{C74521C7-C494-447A-97E5-E8D75CC65EEF}"
EndProject
Global
	GlobalSection(SolutionConfigurationPlatforms) = preSolution
		Debug|Any CPU = Debug|Any CPU
		Release|Any CPU = Release|Any CPU
	EndGlobalSection
	GlobalSection(ProjectConfigurationPlatforms) = postSolution
		{78ACA9FB-A443-4E7F-9403-1AA1925D208E}.Debug|Any CPU.ActiveCfg = Debug|Any CPU
		{78ACA9FB-A443-4E7F-9403-1AA1925D208E}.Debug|Any CPU.Build.0 = Debug|Any CPU
		{78ACA9FB-A443-4E7F-9403-1AA1925D208E}.Release|Any CPU.ActiveCfg = Release|Any CPU
		{78ACA9FB-A443-4E7F-9403-1AA1925D208E}.Release|Any CPU.Build.0 = Release|Any CPU
		{C74521C7-C494-447A-97E5-E8D75CC65EEF}.Debug|Any CPU.ActiveCfg = Debug|Any CPU
		{C74521C7-C494-447A-97E5-E8D75CC65EEF}.Debug|Any CPU.Build.0 = Debug|Any CPU
		{C74521C7-C494-447A-97E5-E8D75CC65EEF}.Release|Any CPU.ActiveCfg = Release|Any CPU
		{C74521C7-C494-447A-97E5-E8D75CC65EEF}.Release|Any CPU.Build.0 = Release|Any CPU
	EndGlobalSection
	GlobalSection(SolutionProperties) = preSolution
		HideSolutionNode = FALSE
	EndGlobalSection
	GlobalSection(ExtensibilityGlobals) = postSolution
		SolutionGuid = {6764E127-6AD8-4EDC-AA23-D3DD6ED48CE6}
	EndGlobalSection
EndGlobal
